
Microsoft Visual Studio Solution File, Format Version 12.00
# Visual Studio Version 17
VisualStudioVersion = 17.0.31903.59
MinimumVisualStudioVersion = 10.0.40219.1
Project("{FAE04EC0-301F-11D3-BF4B-00C04F79EFBC}") = "AICalendar.CORE", "AICalendar.CORE\AICalendar.CORE.csproj", "{869152BD-3385-4B40-9112-E4BFFA2D9FC3}"
EndProject
Project("{FAE04EC0-301F-11D3-BF4B-00C04F79EFBC}") = "AICalendar.DAL", "AICalendar.DAL\AICalendar.DAL.csproj", "{6934CF1E-D994-4DC0-8A24-53D88F857D15}"
EndProject
Project("{FAE04EC0-301F-11D3-BF4B-00C04F79EFBC}") = "AICalendar.APP", "AICalendar.APP\AICalendar.APP.csproj", "{BF2D3F5F-71B5-47F6-B9A4-39AC95BA9490}"
EndProject
Project("{FAE04EC0-301F-11D3-BF4B-00C04F79EFBC}") = "AICalendar.API", "AICalendar.API\AICalendar.API.csproj", "{E670E2A5-31BC-4F57-97B2-A11EA4C1D486}"
EndProject
Global
	GlobalSection(SolutionConfigurationPlatforms) = preSolution
		Debug|Any CPU = Debug|Any CPU
		Debug|x64 = Debug|x64
		Debug|x86 = Debug|x86
		Release|Any CPU = Release|Any CPU
		Release|x64 = Release|x64
		Release|x86 = Release|x86
	EndGlobalSection
	GlobalSection(ProjectConfigurationPlatforms) = postSolution
		{869152BD-3385-4B40-9112-E4BFFA2D9FC3}.Debug|Any CPU.ActiveCfg = Debug|Any CPU
		{869152BD-3385-4B40-9112-E4BFFA2D9FC3}.Debug|Any CPU.Build.0 = Debug|Any CPU
		{869152BD-3385-4B40-9112-E4BFFA2D9FC3}.Debug|x64.ActiveCfg = Debug|Any CPU
		{869152BD-3385-4B40-9112-E4BFFA2D9FC3}.Debug|x64.Build.0 = Debug|Any CPU
		{869152BD-3385-4B40-9112-E4BFFA2D9FC3}.Debug|x86.ActiveCfg = Debug|Any CPU
		{869152BD-3385-4B40-9112-E4BFFA2D9FC3}.Debug|x86.Build.0 = Debug|Any CPU
		{869152BD-3385-4B40-9112-E4BFFA2D9FC3}.Release|Any CPU.ActiveCfg = Release|Any CPU
		{869152BD-3385-4B40-9112-E4BFFA2D9FC3}.Release|Any CPU.Build.0 = Release|Any CPU
		{869152BD-3385-4B40-9112-E4BFFA2D9FC3}.Release|x64.ActiveCfg = Release|Any CPU
		{869152BD-3385-4B40-9112-E4BFFA2D9FC3}.Release|x64.Build.0 = Release|Any CPU
		{869152BD-3385-4B40-9112-E4BFFA2D9FC3}.Release|x86.ActiveCfg = Release|Any CPU
		{869152BD-3385-4B40-9112-E4BFFA2D9FC3}.Release|x86.Build.0 = Release|Any CPU
		{6934CF1E-D994-4DC0-8A24-53D88F857D15}.Debug|Any CPU.ActiveCfg = Debug|Any CPU
		{6934CF1E-D994-4DC0-8A24-53D88F857D15}.Debug|Any CPU.Build.0 = Debug|Any CPU
		{6934CF1E-D994-4DC0-8A24-53D88F857D15}.Debug|x64.ActiveCfg = Debug|Any CPU
		{6934CF1E-D994-4DC0-8A24-53D88F857D15}.Debug|x64.Build.0 = Debug|Any CPU
		{6934CF1E-D994-4DC0-8A24-53D88F857D15}.Debug|x86.ActiveCfg = Debug|Any CPU
		{6934CF1E-D994-4DC0-8A24-53D88F857D15}.Debug|x86.Build.0 = Debug|Any CPU
		{6934CF1E-D994-4DC0-8A24-53D88F857D15}.Release|Any CPU.ActiveCfg = Release|Any CPU
		{6934CF1E-D994-4DC0-8A24-53D88F857D15}.Release|Any CPU.Build.0 = Release|Any CPU
		{6934CF1E-D994-4DC0-8A24-53D88F857D15}.Release|x64.ActiveCfg = Release|Any CPU
		{6934CF1E-D994-4DC0-8A24-53D88F857D15}.Release|x64.Build.0 = Release|Any CPU
		{6934CF1E-D994-4DC0-8A24-53D88F857D15}.Release|x86.ActiveCfg = Release|Any CPU
		{6934CF1E-D994-4DC0-8A24-53D88F857D15}.Release|x86.Build.0 = Release|Any CPU
		{BF2D3F5F-71B5-47F6-B9A4-39AC95BA9490}.Debug|Any CPU.ActiveCfg = Debug|Any CPU
		{BF2D3F5F-71B5-47F6-B9A4-39AC95BA9490}.Debug|Any CPU.Build.0 = Debug|Any CPU
		{BF2D3F5F-71B5-47F6-B9A4-39AC95BA9490}.Debug|x64.ActiveCfg = Debug|Any CPU
		{BF2D3F5F-71B5-47F6-B9A4-39AC95BA9490}.Debug|x64.Build.0 = Debug|Any CPU
		{BF2D3F5F-71B5-47F6-B9A4-39AC95BA9490}.Debug|x86.ActiveCfg = Debug|Any CPU
		{BF2D3F5F-71B5-47F6-B9A4-39AC95BA9490}.Debug|x86.Build.0 = Debug|Any CPU
		{BF2D3F5F-71B5-47F6-B9A4-39AC95BA9490}.Release|Any CPU.ActiveCfg = Release|Any CPU
		{BF2D3F5F-71B5-47F6-B9A4-39AC95BA9490}.Release|Any CPU.Build.0 = Release|Any CPU
		{BF2D3F5F-71B5-47F6-B9A4-39AC95BA9490}.Release|x64.ActiveCfg = Release|Any CPU
		{BF2D3F5F-71B5-47F6-B9A4-39AC95BA9490}.Release|x64.Build.0 = Release|Any CPU
		{BF2D3F5F-71B5-47F6-B9A4-39AC95BA9490}.Release|x86.ActiveCfg = Release|Any CPU
		{BF2D3F5F-71B5-47F6-B9A4-39AC95BA9490}.Release|x86.Build.0 = Release|Any CPU
		{E670E2A5-31BC-4F57-97B2-A11EA4C1D486}.Debug|Any CPU.ActiveCfg = Debug|Any CPU
		{E670E2A5-31BC-4F57-97B2-A11EA4C1D486}.Debug|Any CPU.Build.0 = Debug|Any CPU
		{E670E2A5-31BC-4F57-97B2-A11EA4C1D486}.Debug|x64.ActiveCfg = Debug|Any CPU
		{E670E2A5-31BC-4F57-97B2-A11EA4C1D486}.Debug|x64.Build.0 = Debug|Any CPU
		{E670E2A5-31BC-4F57-97B2-A11EA4C1D486}.Debug|x86.ActiveCfg = Debug|Any CPU
		{E670E2A5-31BC-4F57-97B2-A11EA4C1D486}.Debug|x86.Build.0 = Debug|Any CPU
		{E670E2A5-31BC-4F57-97B2-A11EA4C1D486}.Release|Any CPU.ActiveCfg = Release|Any CPU
		{E670E2A5-31BC-4F57-97B2-A11EA4C1D486}.Release|Any CPU.Build.0 = Release|Any CPU
		{E670E2A5-31BC-4F57-97B2-A11EA4C1D486}.Release|x64.ActiveCfg = Release|Any CPU
		{E670E2A5-31BC-4F57-97B2-A11EA4C1D486}.Release|x64.Build.0 = Release|Any CPU
		{E670E2A5-31BC-4F57-97B2-A11EA4C1D486}.Release|x86.ActiveCfg = Release|Any CPU
		{E670E2A5-31BC-4F57-97B2-A11EA4C1D486}.Release|x86.Build.0 = Release|Any CPU
	EndGlobalSection
	GlobalSection(SolutionProperties) = preSolution
		HideSolutionNode = FALSE
	EndGlobalSection
EndGlobal
